
Microsoft Visual Studio Solution File, Format Version 12.00
# Visual Studio 2013
VisualStudioVersion = 12.0.30501.0
MinimumVisualStudioVersion = 10.0.40219.1
Project("{FAE04EC0-301F-11D3-BF4B-00C04F79EFBC}") = "SharePointPTSample", "SharePointPTSample\SharePointPTSample\SharePointPTSample.csproj", "{E7FA159E-1C8D-43ED-871D-6F33D023A392}"
EndProject
Project("{FAE04EC0-301F-11D3-BF4B-00C04F79EFBC}") = "SharePointPTSample.iOS", "SharePointPTSample\SharePointPTSample.iOS\SharePointPTSample.iOS.csproj", "{98C3D81A-242B-4042-A988-7543E931554B}"
EndProject
Project("{FAE04EC0-301F-11D3-BF4B-00C04F79EFBC}") = "SharePointPTSample.Android", "SharePointPTSample\SharePointPTSample.Android\SharePointPTSample.Android.csproj", "{F803BDD5-9897-45D2-AB59-7B7680C3BC89}"
EndProject
Project("{FAE04EC0-301F-11D3-BF4B-00C04F79EFBC}") = "SharePointPTSample.WinPhone", "SharePointPTSample\SharePointPTSample.WinPhone\SharePointPTSample.WinPhone.csproj", "{8F3062B4-A7C3-4468-AD22-A80B9A8978DC}"
EndProject
Project("{FAE04EC0-301F-11D3-BF4B-00C04F79EFBC}") = "SharePointPTSample.XAML", "SharePointPTSample\SharePointPTSample.XAML\SharePointPTSample.XAML\SharePointPTSample.XAML.csproj", "{E7A6EE53-8A90-4D5A-BC02-1382EA523495}"
EndProject
Global
	GlobalSection(SolutionConfigurationPlatforms) = preSolution
		Ad-Hoc|Any CPU = Ad-Hoc|Any CPU
		Ad-Hoc|ARM = Ad-Hoc|ARM
		Ad-Hoc|iPhone = Ad-Hoc|iPhone
		Ad-Hoc|iPhoneSimulator = Ad-Hoc|iPhoneSimulator
		Ad-Hoc|Mixed Platforms = Ad-Hoc|Mixed Platforms
		Ad-Hoc|x86 = Ad-Hoc|x86
		AppStore|Any CPU = AppStore|Any CPU
		AppStore|ARM = AppStore|ARM
		AppStore|iPhone = AppStore|iPhone
		AppStore|iPhoneSimulator = AppStore|iPhoneSimulator
		AppStore|Mixed Platforms = AppStore|Mixed Platforms
		AppStore|x86 = AppStore|x86
		Debug|Any CPU = Debug|Any CPU
		Debug|ARM = Debug|ARM
		Debug|iPhone = Debug|iPhone
		Debug|iPhoneSimulator = Debug|iPhoneSimulator
		Debug|Mixed Platforms = Debug|Mixed Platforms
		Debug|x86 = Debug|x86
		Release|Any CPU = Release|Any CPU
		Release|ARM = Release|ARM
		Release|iPhone = Release|iPhone
		Release|iPhoneSimulator = Release|iPhoneSimulator
		Release|Mixed Platforms = Release|Mixed Platforms
		Release|x86 = Release|x86
	EndGlobalSection
	GlobalSection(ProjectConfigurationPlatforms) = postSolution
		{E7FA159E-1C8D-43ED-871D-6F33D023A392}.Ad-Hoc|Any CPU.ActiveCfg = Release|Any CPU
		{E7FA159E-1C8D-43ED-871D-6F33D023A392}.Ad-Hoc|Any CPU.Build.0 = Release|Any CPU
		{E7FA159E-1C8D-43ED-871D-6F33D023A392}.Ad-Hoc|ARM.ActiveCfg = Release|Any CPU
		{E7FA159E-1C8D-43ED-871D-6F33D023A392}.Ad-Hoc|iPhone.ActiveCfg = Release|Any CPU
		{E7FA159E-1C8D-43ED-871D-6F33D023A392}.Ad-Hoc|iPhoneSimulator.ActiveCfg = Release|Any CPU
		{E7FA159E-1C8D-43ED-871D-6F33D023A392}.Ad-Hoc|Mixed Platforms.ActiveCfg = Release|Any CPU
		{E7FA159E-1C8D-43ED-871D-6F33D023A392}.Ad-Hoc|Mixed Platforms.Build.0 = Release|Any CPU
		{E7FA159E-1C8D-43ED-871D-6F33D023A392}.Ad-Hoc|x86.ActiveCfg = Release|Any CPU
		{E7FA159E-1C8D-43ED-871D-6F33D023A392}.AppStore|Any CPU.ActiveCfg = Release|Any CPU
		{E7FA159E-1C8D-43ED-871D-6F33D023A392}.AppStore|Any CPU.Build.0 = Release|Any CPU
		{E7FA159E-1C8D-43ED-871D-6F33D023A392}.AppStore|ARM.ActiveCfg = Release|Any CPU
		{E7FA159E-1C8D-43ED-871D-6F33D023A392}.AppStore|iPhone.ActiveCfg = Release|Any CPU
		{E7FA159E-1C8D-43ED-871D-6F33D023A392}.AppStore|iPhoneSimulator.ActiveCfg = Release|Any CPU
		{E7FA159E-1C8D-43ED-871D-6F33D023A392}.AppStore|Mixed Platforms.ActiveCfg = Release|Any CPU
		{E7FA159E-1C8D-43ED-871D-6F33D023A392}.AppStore|Mixed Platforms.Build.0 = Release|Any CPU
		{E7FA159E-1C8D-43ED-871D-6F33D023A392}.AppStore|x86.ActiveCfg = Release|Any CPU
		{E7FA159E-1C8D-43ED-871D-6F33D023A392}.Debug|Any CPU.ActiveCfg = Debug|Any CPU
		{E7FA159E-1C8D-43ED-871D-6F33D023A392}.Debug|Any CPU.Build.0 = Debug|Any CPU
		{E7FA159E-1C8D-43ED-871D-6F33D023A392}.Debug|ARM.ActiveCfg = Debug|Any CPU
		{E7FA159E-1C8D-43ED-871D-6F33D023A392}.Debug|iPhone.ActiveCfg = Debug|Any CPU
		{E7FA159E-1C8D-43ED-871D-6F33D023A392}.Debug|iPhoneSimulator.ActiveCfg = Debug|Any CPU
		{E7FA159E-1C8D-43ED-871D-6F33D023A392}.Debug|Mixed Platforms.ActiveCfg = Debug|Any CPU
		{E7FA159E-1C8D-43ED-871D-6F33D023A392}.Debug|Mixed Platforms.Build.0 = Debug|Any CPU
		{E7FA159E-1C8D-43ED-871D-6F33D023A392}.Debug|x86.ActiveCfg = Debug|Any CPU
		{E7FA159E-1C8D-43ED-871D-6F33D023A392}.Release|Any CPU.ActiveCfg = Release|Any CPU
		{E7FA159E-1C8D-43ED-871D-6F33D023A392}.Release|Any CPU.Build.0 = Release|Any CPU
		{E7FA159E-1C8D-43ED-871D-6F33D023A392}.Release|ARM.ActiveCfg = Release|Any CPU
		{E7FA159E-1C8D-43ED-871D-6F33D023A392}.Release|iPhone.ActiveCfg = Release|Any CPU
		{E7FA159E-1C8D-43ED-871D-6F33D023A392}.Release|iPhoneSimulator.ActiveCfg = Release|Any CPU
		{E7FA159E-1C8D-43ED-871D-6F33D023A392}.Release|Mixed Platforms.ActiveCfg = Release|Any CPU
		{E7FA159E-1C8D-43ED-871D-6F33D023A392}.Release|Mixed Platforms.Build.0 = Release|Any CPU
		{E7FA159E-1C8D-43ED-871D-6F33D023A392}.Release|x86.ActiveCfg = Release|Any CPU
		{98C3D81A-242B-4042-A988-7543E931554B}.Ad-Hoc|Any CPU.ActiveCfg = Ad-Hoc|iPhone
		{98C3D81A-242B-4042-A988-7543E931554B}.Ad-Hoc|ARM.ActiveCfg = Ad-Hoc|iPhone
		{98C3D81A-242B-4042-A988-7543E931554B}.Ad-Hoc|iPhone.ActiveCfg = Ad-Hoc|iPhone
		{98C3D81A-242B-4042-A988-7543E931554B}.Ad-Hoc|iPhone.Build.0 = Ad-Hoc|iPhone
		{98C3D81A-242B-4042-A988-7543E931554B}.Ad-Hoc|iPhone.Deploy.0 = Ad-Hoc|iPhone
		{98C3D81A-242B-4042-A988-7543E931554B}.Ad-Hoc|iPhoneSimulator.ActiveCfg = Ad-Hoc|iPhoneSimulator
		{98C3D81A-242B-4042-A988-7543E931554B}.Ad-Hoc|iPhoneSimulator.Build.0 = Ad-Hoc|iPhoneSimulator
		{98C3D81A-242B-4042-A988-7543E931554B}.Ad-Hoc|iPhoneSimulator.Deploy.0 = Ad-Hoc|iPhoneSimulator
		{98C3D81A-242B-4042-A988-7543E931554B}.Ad-Hoc|Mixed Platforms.ActiveCfg = Ad-Hoc|iPhone
		{98C3D81A-242B-4042-A988-7543E931554B}.Ad-Hoc|Mixed Platforms.Build.0 = Ad-Hoc|iPhone
		{98C3D81A-242B-4042-A988-7543E931554B}.Ad-Hoc|Mixed Platforms.Deploy.0 = Ad-Hoc|iPhone
		{98C3D81A-242B-4042-A988-7543E931554B}.Ad-Hoc|x86.ActiveCfg = Ad-Hoc|iPhone
		{98C3D81A-242B-4042-A988-7543E931554B}.AppStore|Any CPU.ActiveCfg = AppStore|iPhone
		{98C3D81A-242B-4042-A988-7543E931554B}.AppStore|ARM.ActiveCfg = AppStore|iPhone
		{98C3D81A-242B-4042-A988-7543E931554B}.AppStore|iPhone.ActiveCfg = AppStore|iPhone
		{98C3D81A-242B-4042-A988-7543E931554B}.AppStore|iPhone.Build.0 = AppStore|iPhone
		{98C3D81A-242B-4042-A988-7543E931554B}.AppStore|iPhone.Deploy.0 = AppStore|iPhone
		{98C3D81A-242B-4042-A988-7543E931554B}.AppStore|iPhoneSimulator.ActiveCfg = AppStore|iPhoneSimulator
		{98C3D81A-242B-4042-A988-7543E931554B}.AppStore|iPhoneSimulator.Build.0 = AppStore|iPhoneSimulator
		{98C3D81A-242B-4042-A988-7543E931554B}.AppStore|iPhoneSimulator.Deploy.0 = AppStore|iPhoneSimulator
		{98C3D81A-242B-4042-A988-7543E931554B}.AppStore|Mixed Platforms.ActiveCfg = AppStore|iPhone
		{98C3D81A-242B-4042-A988-7543E931554B}.AppStore|Mixed Platforms.Build.0 = AppStore|iPhone
		{98C3D81A-242B-4042-A988-7543E931554B}.AppStore|Mixed Platforms.Deploy.0 = AppStore|iPhone
		{98C3D81A-242B-4042-A988-7543E931554B}.AppStore|x86.ActiveCfg = AppStore|iPhone
		{98C3D81A-242B-4042-A988-7543E931554B}.Debug|Any CPU.ActiveCfg = Debug|iPhone
		{98C3D81A-242B-4042-A988-7543E931554B}.Debug|ARM.ActiveCfg = Debug|iPhone
		{98C3D81A-242B-4042-A988-7543E931554B}.Debug|iPhone.ActiveCfg = Debug|iPhone
		{98C3D81A-242B-4042-A988-7543E931554B}.Debug|iPhone.Build.0 = Debug|iPhone
		{98C3D81A-242B-4042-A988-7543E931554B}.Debug|iPhone.Deploy.0 = Debug|iPhone
		{98C3D81A-242B-4042-A988-7543E931554B}.Debug|iPhoneSimulator.ActiveCfg = Debug|iPhoneSimulator
		{98C3D81A-242B-4042-A988-7543E931554B}.Debug|iPhoneSimulator.Build.0 = Debug|iPhoneSimulator
		{98C3D81A-242B-4042-A988-7543E931554B}.Debug|iPhoneSimulator.Deploy.0 = Debug|iPhoneSimulator
		{98C3D81A-242B-4042-A988-7543E931554B}.Debug|Mixed Platforms.ActiveCfg = Debug|iPhoneSimulator
		{98C3D81A-242B-4042-A988-7543E931554B}.Debug|Mixed Platforms.Build.0 = Debug|iPhoneSimulator
		{98C3D81A-242B-4042-A988-7543E931554B}.Debug|Mixed Platforms.Deploy.0 = Debug|iPhoneSimulator
		{98C3D81A-242B-4042-A988-7543E931554B}.Debug|x86.ActiveCfg = Debug|iPhone
		{98C3D81A-242B-4042-A988-7543E931554B}.Release|Any CPU.ActiveCfg = Release|iPhone
		{98C3D81A-242B-4042-A988-7543E931554B}.Release|ARM.ActiveCfg = Release|iPhone
		{98C3D81A-242B-4042-A988-7543E931554B}.Release|iPhone.ActiveCfg = Release|iPhone
		{98C3D81A-242B-4042-A988-7543E931554B}.Release|iPhone.Build.0 = Release|iPhone
		{98C3D81A-242B-4042-A988-7543E931554B}.Release|iPhone.Deploy.0 = Release|iPhone
		{98C3D81A-242B-4042-A988-7543E931554B}.Release|iPhoneSimulator.ActiveCfg = Release|iPhoneSimulator
		{98C3D81A-242B-4042-A988-7543E931554B}.Release|iPhoneSimulator.Build.0 = Release|iPhoneSimulator
		{98C3D81A-242B-4042-A988-7543E931554B}.Release|iPhoneSimulator.Deploy.0 = Release|iPhoneSimulator
		{98C3D81A-242B-4042-A988-7543E931554B}.Release|Mixed Platforms.ActiveCfg = Release|iPhone
		{98C3D81A-242B-4042-A988-7543E931554B}.Release|Mixed Platforms.Build.0 = Release|iPhone
		{98C3D81A-242B-4042-A988-7543E931554B}.Release|Mixed Platforms.Deploy.0 = Release|iPhone
		{98C3D81A-242B-4042-A988-7543E931554B}.Release|x86.ActiveCfg = Release|iPhone
		{F803BDD5-9897-45D2-AB59-7B7680C3BC89}.Ad-Hoc|Any CPU.ActiveCfg = Release|Any CPU
		{F803BDD5-9897-45D2-AB59-7B7680C3BC89}.Ad-Hoc|Any CPU.Build.0 = Release|Any CPU
		{F803BDD5-9897-45D2-AB59-7B7680C3BC89}.Ad-Hoc|Any CPU.Deploy.0 = Release|Any CPU
		{F803BDD5-9897-45D2-AB59-7B7680C3BC89}.Ad-Hoc|ARM.ActiveCfg = Release|Any CPU
		{F803BDD5-9897-45D2-AB59-7B7680C3BC89}.Ad-Hoc|iPhone.ActiveCfg = Release|Any CPU
		{F803BDD5-9897-45D2-AB59-7B7680C3BC89}.Ad-Hoc|iPhoneSimulator.ActiveCfg = Release|Any CPU
		{F803BDD5-9897-45D2-AB59-7B7680C3BC89}.Ad-Hoc|Mixed Platforms.ActiveCfg = Release|Any CPU
		{F803BDD5-9897-45D2-AB59-7B7680C3BC89}.Ad-Hoc|Mixed Platforms.Build.0 = Release|Any CPU
		{F803BDD5-9897-45D2-AB59-7B7680C3BC89}.Ad-Hoc|Mixed Platforms.Deploy.0 = Release|Any CPU
		{F803BDD5-9897-45D2-AB59-7B7680C3BC89}.Ad-Hoc|x86.ActiveCfg = Release|Any CPU
		{F803BDD5-9897-45D2-AB59-7B7680C3BC89}.AppStore|Any CPU.ActiveCfg = Release|Any CPU
		{F803BDD5-9897-45D2-AB59-7B7680C3BC89}.AppStore|Any CPU.Build.0 = Release|Any CPU
		{F803BDD5-9897-45D2-AB59-7B7680C3BC89}.AppStore|Any CPU.Deploy.0 = Release|Any CPU
		{F803BDD5-9897-45D2-AB59-7B7680C3BC89}.AppStore|ARM.ActiveCfg = Release|Any CPU
		{F803BDD5-9897-45D2-AB59-7B7680C3BC89}.AppStore|iPhone.ActiveCfg = Release|Any CPU
		{F803BDD5-9897-45D2-AB59-7B7680C3BC89}.AppStore|iPhoneSimulator.ActiveCfg = Release|Any CPU
		{F803BDD5-9897-45D2-AB59-7B7680C3BC89}.AppStore|Mixed Platforms.ActiveCfg = Release|Any CPU
		{F803BDD5-9897-45D2-AB59-7B7680C3BC89}.AppStore|Mixed Platforms.Build.0 = Release|Any CPU
		{F803BDD5-9897-45D2-AB59-7B7680C3BC89}.AppStore|Mixed Platforms.Deploy.0 = Release|Any CPU
		{F803BDD5-9897-45D2-AB59-7B7680C3BC89}.AppStore|x86.ActiveCfg = Release|Any CPU
		{F803BDD5-9897-45D2-AB59-7B7680C3BC89}.Debug|Any CPU.ActiveCfg = Debug|Any CPU
		{F803BDD5-9897-45D2-AB59-7B7680C3BC89}.Debug|Any CPU.Build.0 = Debug|Any CPU
		{F803BDD5-9897-45D2-AB59-7B7680C3BC89}.Debug|Any CPU.Deploy.0 = Debug|Any CPU
		{F803BDD5-9897-45D2-AB59-7B7680C3BC89}.Debug|ARM.ActiveCfg = Debug|Any CPU
		{F803BDD5-9897-45D2-AB59-7B7680C3BC89}.Debug|iPhone.ActiveCfg = Debug|Any CPU
		{F803BDD5-9897-45D2-AB59-7B7680C3BC89}.Debug|iPhoneSimulator.ActiveCfg = Debug|Any CPU
		{F803BDD5-9897-45D2-AB59-7B7680C3BC89}.Debug|Mixed Platforms.ActiveCfg = Debug|Any CPU
		{F803BDD5-9897-45D2-AB59-7B7680C3BC89}.Debug|Mixed Platforms.Build.0 = Debug|Any CPU
		{F803BDD5-9897-45D2-AB59-7B7680C3BC89}.Debug|Mixed Platforms.Deploy.0 = Debug|Any CPU
		{F803BDD5-9897-45D2-AB59-7B7680C3BC89}.Debug|x86.ActiveCfg = Debug|Any CPU
		{F803BDD5-9897-45D2-AB59-7B7680C3BC89}.Release|Any CPU.ActiveCfg = Release|Any CPU
		{F803BDD5-9897-45D2-AB59-7B7680C3BC89}.Release|Any CPU.Build.0 = Release|Any CPU
		{F803BDD5-9897-45D2-AB59-7B7680C3BC89}.Release|Any CPU.Deploy.0 = Release|Any CPU
		{F803BDD5-9897-45D2-AB59-7B7680C3BC89}.Release|ARM.ActiveCfg = Release|Any CPU
		{F803BDD5-9897-45D2-AB59-7B7680C3BC89}.Release|iPhone.ActiveCfg = Release|Any CPU
		{F803BDD5-9897-45D2-AB59-7B7680C3BC89}.Release|iPhoneSimulator.ActiveCfg = Release|Any CPU
		{F803BDD5-9897-45D2-AB59-7B7680C3BC89}.Release|Mixed Platforms.ActiveCfg = Release|Any CPU
		{F803BDD5-9897-45D2-AB59-7B7680C3BC89}.Release|Mixed Platforms.Build.0 = Release|Any CPU
		{F803BDD5-9897-45D2-AB59-7B7680C3BC89}.Release|Mixed Platforms.Deploy.0 = Release|Any CPU
		{F803BDD5-9897-45D2-AB59-7B7680C3BC89}.Release|x86.ActiveCfg = Release|Any CPU
		{8F3062B4-A7C3-4468-AD22-A80B9A8978DC}.Ad-Hoc|Any CPU.ActiveCfg = Release|Any CPU
		{8F3062B4-A7C3-4468-AD22-A80B9A8978DC}.Ad-Hoc|Any CPU.Build.0 = Release|Any CPU
		{8F3062B4-A7C3-4468-AD22-A80B9A8978DC}.Ad-Hoc|Any CPU.Deploy.0 = Release|Any CPU
		{8F3062B4-A7C3-4468-AD22-A80B9A8978DC}.Ad-Hoc|ARM.ActiveCfg = Release|ARM
		{8F3062B4-A7C3-4468-AD22-A80B9A8978DC}.Ad-Hoc|ARM.Build.0 = Release|ARM
		{8F3062B4-A7C3-4468-AD22-A80B9A8978DC}.Ad-Hoc|ARM.Deploy.0 = Release|ARM
		{8F3062B4-A7C3-4468-AD22-A80B9A8978DC}.Ad-Hoc|iPhone.ActiveCfg = Release|Any CPU
		{8F3062B4-A7C3-4468-AD22-A80B9A8978DC}.Ad-Hoc|iPhoneSimulator.ActiveCfg = Release|Any CPU
		{8F3062B4-A7C3-4468-AD22-A80B9A8978DC}.Ad-Hoc|Mixed Platforms.ActiveCfg = Release|x86
		{8F3062B4-A7C3-4468-AD22-A80B9A8978DC}.Ad-Hoc|Mixed Platforms.Build.0 = Release|x86
		{8F3062B4-A7C3-4468-AD22-A80B9A8978DC}.Ad-Hoc|Mixed Platforms.Deploy.0 = Release|x86
		{8F3062B4-A7C3-4468-AD22-A80B9A8978DC}.Ad-Hoc|x86.ActiveCfg = Release|x86
		{8F3062B4-A7C3-4468-AD22-A80B9A8978DC}.Ad-Hoc|x86.Build.0 = Release|x86
		{8F3062B4-A7C3-4468-AD22-A80B9A8978DC}.Ad-Hoc|x86.Deploy.0 = Release|x86
		{8F3062B4-A7C3-4468-AD22-A80B9A8978DC}.AppStore|Any CPU.ActiveCfg = Release|Any CPU
		{8F3062B4-A7C3-4468-AD22-A80B9A8978DC}.AppStore|Any CPU.Build.0 = Release|Any CPU
		{8F3062B4-A7C3-4468-AD22-A80B9A8978DC}.AppStore|Any CPU.Deploy.0 = Release|Any CPU
		{8F3062B4-A7C3-4468-AD22-A80B9A8978DC}.AppStore|ARM.ActiveCfg = Release|ARM
		{8F3062B4-A7C3-4468-AD22-A80B9A8978DC}.AppStore|ARM.Build.0 = Release|ARM
		{8F3062B4-A7C3-4468-AD22-A80B9A8978DC}.AppStore|ARM.Deploy.0 = Release|ARM
		{8F3062B4-A7C3-4468-AD22-A80B9A8978DC}.AppStore|iPhone.ActiveCfg = Release|Any CPU
		{8F3062B4-A7C3-4468-AD22-A80B9A8978DC}.AppStore|iPhoneSimulator.ActiveCfg = Release|Any CPU
		{8F3062B4-A7C3-4468-AD22-A80B9A8978DC}.AppStore|Mixed Platforms.ActiveCfg = Release|x86
		{8F3062B4-A7C3-4468-AD22-A80B9A8978DC}.AppStore|Mixed Platforms.Build.0 = Release|x86
		{8F3062B4-A7C3-4468-AD22-A80B9A8978DC}.AppStore|Mixed Platforms.Deploy.0 = Release|x86
		{8F3062B4-A7C3-4468-AD22-A80B9A8978DC}.AppStore|x86.ActiveCfg = Release|x86
		{8F3062B4-A7C3-4468-AD22-A80B9A8978DC}.AppStore|x86.Build.0 = Release|x86
		{8F3062B4-A7C3-4468-AD22-A80B9A8978DC}.AppStore|x86.Deploy.0 = Release|x86
		{8F3062B4-A7C3-4468-AD22-A80B9A8978DC}.Debug|Any CPU.ActiveCfg = Debug|Any CPU
		{8F3062B4-A7C3-4468-AD22-A80B9A8978DC}.Debug|Any CPU.Build.0 = Debug|Any CPU
		{8F3062B4-A7C3-4468-AD22-A80B9A8978DC}.Debug|Any CPU.Deploy.0 = Debug|Any CPU
		{8F3062B4-A7C3-4468-AD22-A80B9A8978DC}.Debug|ARM.ActiveCfg = Debug|ARM
		{8F3062B4-A7C3-4468-AD22-A80B9A8978DC}.Debug|ARM.Build.0 = Debug|ARM
		{8F3062B4-A7C3-4468-AD22-A80B9A8978DC}.Debug|ARM.Deploy.0 = Debug|ARM
		{8F3062B4-A7C3-4468-AD22-A80B9A8978DC}.Debug|iPhone.ActiveCfg = Debug|Any CPU
		{8F3062B4-A7C3-4468-AD22-A80B9A8978DC}.Debug|iPhoneSimulator.ActiveCfg = Debug|Any CPU
		{8F3062B4-A7C3-4468-AD22-A80B9A8978DC}.Debug|Mixed Platforms.ActiveCfg = Debug|ARM
		{8F3062B4-A7C3-4468-AD22-A80B9A8978DC}.Debug|Mixed Platforms.Build.0 = Debug|ARM
		{8F3062B4-A7C3-4468-AD22-A80B9A8978DC}.Debug|Mixed Platforms.Deploy.0 = Debug|ARM
		{8F3062B4-A7C3-4468-AD22-A80B9A8978DC}.Debug|x86.ActiveCfg = Debug|x86
		{8F3062B4-A7C3-4468-AD22-A80B9A8978DC}.Debug|x86.Build.0 = Debug|x86
		{8F3062B4-A7C3-4468-AD22-A80B9A8978DC}.Debug|x86.Deploy.0 = Debug|x86
		{8F3062B4-A7C3-4468-AD22-A80B9A8978DC}.Release|Any CPU.ActiveCfg = Release|Any CPU
		{8F3062B4-A7C3-4468-AD22-A80B9A8978DC}.Release|Any CPU.Build.0 = Release|Any CPU
		{8F3062B4-A7C3-4468-AD22-A80B9A8978DC}.Release|Any CPU.Deploy.0 = Release|Any CPU
		{8F3062B4-A7C3-4468-AD22-A80B9A8978DC}.Release|ARM.ActiveCfg = Release|ARM
		{8F3062B4-A7C3-4468-AD22-A80B9A8978DC}.Release|ARM.Build.0 = Release|ARM
		{8F3062B4-A7C3-4468-AD22-A80B9A8978DC}.Release|ARM.Deploy.0 = Release|ARM
		{8F3062B4-A7C3-4468-AD22-A80B9A8978DC}.Release|iPhone.ActiveCfg = Release|Any CPU
		{8F3062B4-A7C3-4468-AD22-A80B9A8978DC}.Release|iPhoneSimulator.ActiveCfg = Release|Any CPU
		{8F3062B4-A7C3-4468-AD22-A80B9A8978DC}.Release|Mixed Platforms.ActiveCfg = Release|x86
		{8F3062B4-A7C3-4468-AD22-A80B9A8978DC}.Release|Mixed Platforms.Build.0 = Release|x86
		{8F3062B4-A7C3-4468-AD22-A80B9A8978DC}.Release|Mixed Platforms.Deploy.0 = Release|x86
		{8F3062B4-A7C3-4468-AD22-A80B9A8978DC}.Release|x86.ActiveCfg = Release|x86
		{8F3062B4-A7C3-4468-AD22-A80B9A8978DC}.Release|x86.Build.0 = Release|x86
		{8F3062B4-A7C3-4468-AD22-A80B9A8978DC}.Release|x86.Deploy.0 = Release|x86
		{E7A6EE53-8A90-4D5A-BC02-1382EA523495}.Ad-Hoc|Any CPU.ActiveCfg = Release|Any CPU
		{E7A6EE53-8A90-4D5A-BC02-1382EA523495}.Ad-Hoc|Any CPU.Build.0 = Release|Any CPU
		{E7A6EE53-8A90-4D5A-BC02-1382EA523495}.Ad-Hoc|ARM.ActiveCfg = Release|Any CPU
		{E7A6EE53-8A90-4D5A-BC02-1382EA523495}.Ad-Hoc|iPhone.ActiveCfg = Release|Any CPU
		{E7A6EE53-8A90-4D5A-BC02-1382EA523495}.Ad-Hoc|iPhoneSimulator.ActiveCfg = Release|Any CPU
		{E7A6EE53-8A90-4D5A-BC02-1382EA523495}.Ad-Hoc|Mixed Platforms.ActiveCfg = Release|Any CPU
		{E7A6EE53-8A90-4D5A-BC02-1382EA523495}.Ad-Hoc|Mixed Platforms.Build.0 = Release|Any CPU
		{E7A6EE53-8A90-4D5A-BC02-1382EA523495}.Ad-Hoc|x86.ActiveCfg = Release|Any CPU
		{E7A6EE53-8A90-4D5A-BC02-1382EA523495}.AppStore|Any CPU.ActiveCfg = Release|Any CPU
		{E7A6EE53-8A90-4D5A-BC02-1382EA523495}.AppStore|Any CPU.Build.0 = Release|Any CPU
		{E7A6EE53-8A90-4D5A-BC02-1382EA523495}.AppStore|ARM.ActiveCfg = Release|Any CPU
		{E7A6EE53-8A90-4D5A-BC02-1382EA523495}.AppStore|iPhone.ActiveCfg = Release|Any CPU
		{E7A6EE53-8A90-4D5A-BC02-1382EA523495}.AppStore|iPhoneSimulator.ActiveCfg = Release|Any CPU
		{E7A6EE53-8A90-4D5A-BC02-1382EA523495}.AppStore|Mixed Platforms.ActiveCfg = Release|Any CPU
		{E7A6EE53-8A90-4D5A-BC02-1382EA523495}.AppStore|Mixed Platforms.Build.0 = Release|Any CPU
		{E7A6EE53-8A90-4D5A-BC02-1382EA523495}.AppStore|x86.ActiveCfg = Release|Any CPU
		{E7A6EE53-8A90-4D5A-BC02-1382EA523495}.Debug|Any CPU.ActiveCfg = Debug|Any CPU
		{E7A6EE53-8A90-4D5A-BC02-1382EA523495}.Debug|Any CPU.Build.0 = Debug|Any CPU
		{E7A6EE53-8A90-4D5A-BC02-1382EA523495}.Debug|ARM.ActiveCfg = Debug|Any CPU
		{E7A6EE53-8A90-4D5A-BC02-1382EA523495}.Debug|iPhone.ActiveCfg = Debug|Any CPU
		{E7A6EE53-8A90-4D5A-BC02-1382EA523495}.Debug|iPhoneSimulator.ActiveCfg = Debug|Any CPU
		{E7A6EE53-8A90-4D5A-BC02-1382EA523495}.Debug|Mixed Platforms.ActiveCfg = Debug|Any CPU
		{E7A6EE53-8A90-4D5A-BC02-1382EA523495}.Debug|Mixed Platforms.Build.0 = Debug|Any CPU
		{E7A6EE53-8A90-4D5A-BC02-1382EA523495}.Debug|x86.ActiveCfg = Debug|Any CPU
		{E7A6EE53-8A90-4D5A-BC02-1382EA523495}.Release|Any CPU.ActiveCfg = Release|Any CPU
		{E7A6EE53-8A90-4D5A-BC02-1382EA523495}.Release|Any CPU.Build.0 = Release|Any CPU
		{E7A6EE53-8A90-4D5A-BC02-1382EA523495}.Release|ARM.ActiveCfg = Release|Any CPU
		{E7A6EE53-8A90-4D5A-BC02-1382EA523495}.Release|iPhone.ActiveCfg = Release|Any CPU
		{E7A6EE53-8A90-4D5A-BC02-1382EA523495}.Release|iPhoneSimulator.ActiveCfg = Release|Any CPU
		{E7A6EE53-8A90-4D5A-BC02-1382EA523495}.Release|Mixed Platforms.ActiveCfg = Release|Any CPU
		{E7A6EE53-8A90-4D5A-BC02-1382EA523495}.Release|Mixed Platforms.Build.0 = Release|Any CPU
		{E7A6EE53-8A90-4D5A-BC02-1382EA523495}.Release|x86.ActiveCfg = Release|Any CPU
	EndGlobalSection
	GlobalSection(SolutionProperties) = preSolution
		HideSolutionNode = FALSE
	EndGlobalSection
EndGlobal
